// !$*UTF8*$!
{
	archiveVersion = 1;
	classes = {
	};
	objectVersion = 48;
	objects = {

/* Begin PBXBuildFile section */
		A11B902A1F4DBE3B003C772D /* AppDelegate.swift in Sources */ = {isa = PBXBuildFile; fileRef = A11B90291F4DBE3B003C772D /* AppDelegate.swift */; };
		A11B902C1F4DBE3B003C772D /* ViewController.swift in Sources */ = {isa = PBXBuildFile; fileRef = A11B902B1F4DBE3B003C772D /* ViewController.swift */; };
		A11B902F1F4DBE3B003C772D /* Main.storyboard in Resources */ = {isa = PBXBuildFile; fileRef = A11B902D1F4DBE3B003C772D /* Main.storyboard */; };
		A11B90311F4DBE3C003C772D /* Assets.xcassets in Resources */ = {isa = PBXBuildFile; fileRef = A11B90301F4DBE3C003C772D /* Assets.xcassets */; };
		A11B90341F4DBE3C003C772D /* LaunchScreen.storyboard in Resources */ = {isa = PBXBuildFile; fileRef = A11B90321F4DBE3C003C772D /* LaunchScreen.storyboard */; };
		A11B903C1F4DBF68003C772D /* PaintView.swift in Sources */ = {isa = PBXBuildFile; fileRef = A11B903B1F4DBF68003C772D /* PaintView.swift */; };
/* End PBXBuildFile section */

/* Begin PBXFileReference section */
		A11B90261F4DBE3B003C772D /* NumberDetection.app */ = {isa = PBXFileReference; explicitFileType = wrapper.application; includeInIndex = 0; path = NumberDetection.app; sourceTree = BUILT_PRODUCTS_DIR; };
		A11B90291F4DBE3B003C772D /* AppDelegate.swift */ = {isa = PBXFileReference; lastKnownFileType = sourcecode.swift; path = AppDelegate.swift; sourceTree = "<group>"; };
		A11B902B1F4DBE3B003C772D /* ViewController.swift */ = {isa = PBXFileReference; lastKnownFileType = sourcecode.swift; path = ViewController.swift; sourceTree = "<group>"; };
		A11B902E1F4DBE3B003C772D /* Base */ = {isa = PBXFileReference; lastKnownFileType = file.storyboard; name = Base; path = Base.lproj/Main.storyboard; sourceTree = "<group>"; };
		A11B90301F4DBE3C003C772D /* Assets.xcassets */ = {isa = PBXFileReference; lastKnownFileType = folder.assetcatalog; path = Assets.xcassets; sourceTree = "<group>"; };
		A11B90331F4DBE3C003C772D /* Base */ = {isa = PBXFileReference; lastKnownFileType = file.storyboard; name = Base; path = Base.lproj/LaunchScreen.storyboard; sourceTree = "<group>"; };
		A11B90351F4DBE3C003C772D /* Info.plist */ = {isa = PBXFileReference; lastKnownFileType = text.plist.xml; path = Info.plist; sourceTree = "<group>"; };
		A11B903B1F4DBF68003C772D /* PaintView.swift */ = {isa = PBXFileReference; lastKnownFileType = sourcecode.swift; path = PaintView.swift; sourceTree = "<group>"; };
/* End PBXFileReference section */

/* Begin PBXFrameworksBuildPhase section */
		A11B90231F4DBE3B003C772D /* Frameworks */ = {
			isa = PBXFrameworksBuildPhase;
			buildActionMask = 2147483647;
			files = (
			);
			runOnlyForDeploymentPostprocessing = 0;
		};
/* End PBXFrameworksBuildPhase section */

/* Begin PBXGroup section */
		A11B901D1F4DBE3B003C772D = {
			isa = PBXGroup;
			children = (
				A11B90281F4DBE3B003C772D /* NumberDetection */,
				A11B90271F4DBE3B003C772D /* Products */,
			);
			sourceTree = "<group>";
		};
		A11B90271F4DBE3B003C772D /* Products */ = {
			isa = PBXGroup;
			children = (
				A11B90261F4DBE3B003C772D /* NumberDetection.app */,
			);
			name = Products;
			sourceTree = "<group>";
		};
		A11B90281F4DBE3B003C772D /* NumberDetection */ = {
			isa = PBXGroup;
			children = (
				A11B90291F4DBE3B003C772D /* AppDelegate.swift */,
				A11B902B1F4DBE3B003C772D /* ViewController.swift */,
				A11B902D1F4DBE3B003C772D /* Main.storyboard */,
				A11B903B1F4DBF68003C772D /* PaintView.swift */,
				A11B90301F4DBE3C003C772D /* Assets.xcassets */,
				A11B90321F4DBE3C003C772D /* LaunchScreen.storyboard */,
				A11B90351F4DBE3C003C772D /* Info.plist */,
			);
			path = NumberDetection;
			sourceTree = "<group>";
		};
/* End PBXGroup section */

/* Begin PBXNativeTarget section */
		A11B90251F4DBE3B003C772D /* NumberDetection */ = {
			isa = PBXNativeTarget;
			buildConfigurationList = A11B90381F4DBE3C003C772D /* Build configuration list for PBXNativeTarget "NumberDetection" */;
			buildPhases = (
				A11B90221F4DBE3B003C772D /* Sources */,
				A11B90231F4DBE3B003C772D /* Frameworks */,
				A11B90241F4DBE3B003C772D /* Resources */,
			);
			buildRules = (
			);
			dependencies = (
			);
			name = NumberDetection;
			productName = NumberDetection;
			productReference = A11B90261F4DBE3B003C772D /* NumberDetection.app */;
			productType = "com.apple.product-type.application";
		};
/* End PBXNativeTarget section */

/* Begin PBXProject section */
		A11B901E1F4DBE3B003C772D /* Project object */ = {
			isa = PBXProject;
			attributes = {
				LastSwiftUpdateCheck = 0900;
				LastUpgradeCheck = 0900;
				ORGANIZATIONNAME = "Artem Bobrov";
				TargetAttributes = {
					A11B90251F4DBE3B003C772D = {
						CreatedOnToolsVersion = 9.0;
					};
				};
			};
			buildConfigurationList = A11B90211F4DBE3B003C772D /* Build configuration list for PBXProject "NumberDetection" */;
			compatibilityVersion = "Xcode 8.0";
			developmentRegion = en;
			hasScannedForEncodings = 0;
			knownRegions = (
				en,
				Base,
			);
			mainGroup = A11B901D1F4DBE3B003C772D;
			productRefGroup = A11B90271F4DBE3B003C772D /* Products */;
			projectDirPath = "";
			projectRoot = "";
			targets = (
				A11B90251F4DBE3B003C772D /* NumberDetection */,
			);
		};
/* End PBXProject section */

/* Begin PBXResourcesBuildPhase section */
		A11B90241F4DBE3B003C772D /* Resources */ = {
			isa = PBXResourcesBuildPhase;
			buildActionMask = 2147483647;
			files = (
				A11B90341F4DBE3C003C772D /* LaunchScreen.storyboard in Resources */,
				A11B90311F4DBE3C003C772D /* Assets.xcassets in Resources */,
				A11B902F1F4DBE3B003C772D /* Main.storyboard in Resources */,
			);
			runOnlyForDeploymentPostprocessing = 0;
		};
/* End PBXResourcesBuildPhase section */

/* Begin PBXSourcesBuildPhase section */
		A11B90221F4DBE3B003C772D /* Sources */ = {
			isa = PBXSourcesBuildPhase;
			buildActionMask = 2147483647;
			files = (
				A11B902C1F4DBE3B003C772D /* ViewController.swift in Sources */,
				A11B902A1F4DBE3B003C772D /* AppDelegate.swift in Sources */,
				A11B903C1F4DBF68003C772D /* PaintView.swift in Sources */,
			);
			runOnlyForDeploymentPostprocessing = 0;
		};
/* End PBXSourcesBuildPhase section */

/* Begin PBXVariantGroup section */
		A11B902D1F4DBE3B003C772D /* Main.storyboard */ = {
			isa = PBXVariantGroup;
			children = (
				A11B902E1F4DBE3B003C772D /* Base */,
			);
			name = Main.storyboard;
			sourceTree = "<group>";
		};
		A11B90321F4DBE3C003C772D /* LaunchScreen.storyboard */ = {
			isa = PBXVariantGroup;
			children = (
				A11B90331F4DBE3C003C772D /* Base */,
			);
			name = LaunchScreen.storyboard;
			sourceTree = "<group>";
		};
/* End PBXVariantGroup section */

/* Begin XCBuildConfiguration section */
		A11B90361F4DBE3C003C772D /* Debug */ = {
			isa = XCBuildConfiguration;
			buildSettings = {
				ALWAYS_SEARCH_USER_PATHS = NO;
				CLANG_ANALYZER_NONNULL = YES;
				CLANG_ANALYZER_NUMBER_OBJECT_CONVERSION = YES_AGGRESSIVE;
				CLANG_CXX_LANGUAGE_STANDARD = "gnu++14";
				CLANG_CXX_LIBRARY = "libc++";
				CLANG_ENABLE_MODULES = YES;
				CLANG_ENABLE_OBJC_ARC = YES;
				CLANG_WARN_BLOCK_CAPTURE_AUTORELEASING = YES;
				CLANG_WARN_BOOL_CONVERSION = YES;
				CLANG_WARN_COMMA = YES;
				CLANG_WARN_CONSTANT_CONVERSION = YES;
				CLANG_WARN_DIRECT_OBJC_ISA_USAGE = YES_ERROR;
				CLANG_WARN_DOCUMENTATION_COMMENTS = YES;
				CLANG_WARN_EMPTY_BODY = YES;
				CLANG_WARN_ENUM_CONVERSION = YES;
				CLANG_WARN_INFINITE_RECURSION = YES;
				CLANG_WARN_INT_CONVERSION = YES;
				CLANG_WARN_NON_LITERAL_NULL_CONVERSION = YES;
				CLANG_WARN_OBJC_LITERAL_CONVERSION = YES;
				CLANG_WARN_OBJC_ROOT_CLASS = YES_ERROR;
				CLANG_WARN_RANGE_LOOP_ANALYSIS = YES;
				CLANG_WARN_STRICT_PROTOTYPES = YES;
				CLANG_WARN_SUSPICIOUS_MOVE = YES;
				CLANG_WARN_UNGUARDED_AVAILABILITY = YES_AGGRESSIVE;
				CLANG_WARN_UNREACHABLE_CODE = YES;
				CLANG_WARN__DUPLICATE_METHOD_MATCH = YES;
				CODE_SIGN_IDENTITY = "iPhone Developer";
				COPY_PHASE_STRIP = NO;
				DEBUG_INFORMATION_FORMAT = dwarf;
				ENABLE_STRICT_OBJC_MSGSEND = YES;
				ENABLE_TESTABILITY = YES;
				GCC_C_LANGUAGE_STANDARD = gnu11;
				GCC_DYNAMIC_NO_PIC = NO;
				GCC_NO_COMMON_BLOCKS = YES;
				GCC_OPTIMIZATION_LEVEL = 0;
				GCC_PREPROCESSOR_DEFINITIONS = (
					"DEBUG=1",
					"$(inherited)",
				);
				GCC_WARN_64_TO_32_BIT_CONVERSION = YES;
				GCC_WARN_ABOUT_RETURN_TYPE = YES_ERROR;
				GCC_WARN_UNDECLARED_SELECTOR = YES;
				GCC_WARN_UNINITIALIZED_AUTOS = YES_AGGRESSIVE;
				GCC_WARN_UNUSED_FUNCTION = YES;
				GCC_WARN_UNUSED_VARIABLE = YES;
				IPHONEOS_DEPLOYMENT_TARGET = 11.0;
				MTL_ENABLE_DEBUG_INFO = YES;
				ONLY_ACTIVE_ARCH = YES;
				SDKROOT = iphoneos;
				SWIFT_ACTIVE_COMPILATION_CONDITIONS = DEBUG;
				SWIFT_OPTIMIZATION_LEVEL = "-Onone";
			};
			name = Debug;
		};
		A11B90371F4DBE3C003C772D /* Release */ = {
			isa = XCBuildConfiguration;
			buildSettings = {
				ALWAYS_SEARCH_USER_PATHS = NO;
				CLANG_ANALYZER_NONNULL = YES;
				CLANG_ANALYZER_NUMBER_OBJECT_CONVERSION = YES_AGGRESSIVE;
				CLANG_CXX_LANGUAGE_STANDARD = "gnu++14";
				CLANG_CXX_LIBRARY = "libc++";
				CLANG_ENABLE_MODULES = YES;
				CLANG_ENABLE_OBJC_ARC = YES;
				CLANG_WARN_BLOCK_CAPTURE_AUTORELEASING = YES;
				CLANG_WARN_BOOL_CONVERSION = YES;
				CLANG_WARN_COMMA = YES;
				CLANG_WARN_CONSTANT_CONVERSION = YES;
				CLANG_WARN_DIRECT_OBJC_ISA_USAGE = YES_ERROR;
				CLANG_WARN_DOCUMENTATION_COMMENTS = YES;
				CLANG_WARN_EMPTY_BODY = YES;
				CLANG_WARN_ENUM_CONVERSION = YES;
				CLANG_WARN_INFINITE_RECURSION = YES;
				CLANG_WARN_INT_CONVERSION = YES;
				CLANG_WARN_NON_LITERAL_NULL_CONVERSION = YES;
				CLANG_WARN_OBJC_LITERAL_CONVERSION = YES;
				CLANG_WARN_OBJC_ROOT_CLASS = YES_ERROR;
				CLANG_WARN_RANGE_LOOP_ANALYSIS = YES;
				CLANG_WARN_STRICT_PROTOTYPES = YES;
				CLANG_WARN_SUSPICIOUS_MOVE = YES;
				CLANG_WARN_UNGUARDED_AVAILABILITY = YES_AGGRESSIVE;
				CLANG_WARN_UNREACHABLE_CODE = YES;
				CLANG_WARN__DUPLICATE_METHOD_MATCH = YES;
				CODE_SIGN_IDENTITY = "iPhone Developer";
				COPY_PHASE_STRIP = NO;
				DEBUG_INFORMATION_FORMAT = "dwarf-with-dsym";
				ENABLE_NS_ASSERTIONS = NO;
				ENABLE_STRICT_OBJC_MSGSEND = YES;
				GCC_C_LANGUAGE_STANDARD = gnu11;
				GCC_NO_COMMON_BLOCKS = YES;
				GCC_WARN_64_TO_32_BIT_CONVERSION = YES;
				GCC_WARN_ABOUT_RETURN_TYPE = YES_ERROR;
				GCC_WARN_UNDECLARED_SELECTOR = YES;
				GCC_WARN_UNINITIALIZED_AUTOS = YES_AGGRESSIVE;
				GCC_WARN_UNUSED_FUNCTION = YES;
				GCC_WARN_UNUSED_VARIABLE = YES;
				IPHONEOS_DEPLOYMENT_TARGET = 11.0;
				MTL_ENABLE_DEBUG_INFO = NO;
				SDKROOT = iphoneos;
				SWIFT_OPTIMIZATION_LEVEL = "-Owholemodule";
				VALIDATE_PRODUCT = YES;
			};
			name = Release;
		};
		A11B90391F4DBE3C003C772D /* Debug */ = {
			isa = XCBuildConfiguration;
			buildSettings = {
				ASSETCATALOG_COMPILER_APPICON_NAME = AppIcon;
				DEVELOPMENT_TEAM = EX9Z9UFRL5;
				INFOPLIST_FILE = NumberDetection/Info.plist;
				LD_RUNPATH_SEARCH_PATHS = "$(inherited) @executable_path/Frameworks";
				PRODUCT_BUNDLE_IDENTIFIER = "personal-work.NumberDetection";
				PRODUCT_NAME = "$(TARGET_NAME)";
				SWIFT_VERSION = 4.0;
				TARGETED_DEVICE_FAMILY = "1,2";
			};
			name = Debug;
		};
		A11B903A1F4DBE3C003C772D /* Release */ = {
			isa = XCBuildConfiguration;
			buildSettings = {
				ASSETCATALOG_COMPILER_APPICON_NAME = AppIcon;
				DEVELOPMENT_TEAM = EX9Z9UFRL5;
				INFOPLIST_FILE = NumberDetection/Info.plist;
				LD_RUNPATH_SEARCH_PATHS = "$(inherited) @executable_path/Frameworks";
				PRODUCT_BUNDLE_IDENTIFIER = "personal-work.NumberDetection";
				PRODUCT_NAME = "$(TARGET_NAME)";
				SWIFT_VERSION = 4.0;
				TARGETED_DEVICE_FAMILY = "1,2";
			};
			name = Release;
		};
/* End XCBuildConfiguration section */

/* Begin XCConfigurationList section */
		A11B90211F4DBE3B003C772D /* Build configuration list for PBXProject "NumberDetection" */ = {
			isa = XCConfigurationList;
			buildConfigurations = (
				A11B90361F4DBE3C003C772D /* Debug */,
				A11B90371F4DBE3C003C772D /* Release */,
			);
			defaultConfigurationIsVisible = 0;
			defaultConfigurationName = Release;
		};
		A11B90381F4DBE3C003C772D /* Build configuration list for PBXNativeTarget "NumberDetection" */ = {
			isa = XCConfigurationList;
			buildConfigurations = (
				A11B90391F4DBE3C003C772D /* Debug */,
				A11B903A1F4DBE3C003C772D /* Release */,
			);
			defaultConfigurationIsVisible = 0;
			defaultConfigurationName = Release;
		};
/* End XCConfigurationList section */
	};
	rootObject = A11B901E1F4DBE3B003C772D /* Project object */;
}
